PODS:
  - MBProgressHUD (1.0.0)
  - POPAppRater (0.1.02):
    - POPLib (~> 0.1)
  - POPLib (0.2.32):
    - MBProgressHUD (~> 1.0)
    - PureLayout
  - PureLayout (3.1.2)

DEPENDENCIES:
  - POPAppRater (from `../`)

SPEC REPOS:
  https://github.com/cocoapods/specs.git:
    - MBProgressHUD
    - POPLib
    - PureLayout

EXTERNAL SOURCES:
  POPAppRater:
    :path: "../"

SPEC CHECKSUMS:
  MBProgressHUD: 4890f671c94e8a0f3cf959aa731e9de2f036d71a
  POPAppRater: 2aa97361950aedfe4dace0661038987d52535673
  POPLib: 1332f3ae69af62226e06589d44bc56909a87df69
  PureLayout: 4634d0b61e3b5021166e8ec7c18e9e0ca0720c8b

PODFILE CHECKSUM: b515ff604a8e5214850bc8f4ac1548e4df3e47c7

COCOAPODS: 1.5.3
